// !$*UTF8*$!
{
	archiveVersion = 1;
	classes = {
	};
	objectVersion = 46;
	objects = {

/* Begin PBXBuildFile section */
		E118610A134008A00001A671 /* LotteryEntry.h in Sources */ = {isa = PBXBuildFile; fileRef = E1186108134008A00001A671 /* LotteryEntry.h */; };
		E118610B134008A00001A671 /* LotteryEntry.m in Sources */ = {isa = PBXBuildFile; fileRef = E1186109134008A00001A671 /* LotteryEntry.m */; };
		E19E055F133FFA76004EFB48 /* Foundation.framework in Frameworks */ = {isa = PBXBuildFile; fileRef = E19E055E133FFA76004EFB48 /* Foundation.framework */; };
		E19E0562133FFA76004EFB48 /* main.m in Sources */ = {isa = PBXBuildFile; fileRef = E19E0561133FFA76004EFB48 /* main.m */; };
/* End PBXBuildFile section */

/* Begin PBXCopyFilesBuildPhase section */
		E19E0558133FFA76004EFB48 /* CopyFiles */ = {
			isa = PBXCopyFilesBuildPhase;
			buildActionMask = 2147483647;
			dstPath = /usr/share/man/man1/;
			dstSubfolderSpec = 0;
			files = (
			);
			runOnlyForDeploymentPostprocessing = 1;
		};
/* End PBXCopyFilesBuildPhase section */

/* Begin PBXFileReference section */
		E1186108134008A00001A671 /* LotteryEntry.h */ = {isa = PBXFileReference; fileEncoding = 4; lastKnownFileType = sourcecode.objj.h; path = LotteryEntry.h; sourceTree = "<group>"; };
		E1186109134008A00001A671 /* LotteryEntry.m */ = {isa = PBXFileReference; fileEncoding = 4; lastKnownFileType = sourcecode.c.objc; path = LotteryEntry.m; sourceTree = "<group>"; };
		E19E055A133FFA76004EFB48 /* lottery */ = {isa = PBXFileReference; explicitFileType = "compiled.mach-o.executable"; includeInIndex = 0; path = lottery; sourceTree = BUILT_PRODUCTS_DIR; };
		E19E055E133FFA76004EFB48 /* Foundation.framework */ = {isa = PBXFileReference; lastKnownFileType = wrapper.framework; name = Foundation.framework; path = System/Library/Frameworks/Foundation.framework; sourceTree = SDKROOT; };
		E19E0561133FFA76004EFB48 /* main.m */ = {isa = PBXFileReference; lastKnownFileType = sourcecode.c.objc; path = main.m; sourceTree = "<group>"; };
		E19E0564133FFA76004EFB48 /* lottery-Prefix.pch */ = {isa = PBXFileReference; lastKnownFileType = sourcecode.c.h; path = "lottery-Prefix.pch"; sourceTree = "<group>"; };
		E19E0565133FFA76004EFB48 /* lottery.1 */ = {isa = PBXFileReference; lastKnownFileType = text.man; path = lottery.1; sourceTree = "<group>"; };
/* End PBXFileReference section */

/* Begin PBXFrameworksBuildPhase section */
		E19E0557133FFA76004EFB48 /* Frameworks */ = {
			isa = PBXFrameworksBuildPhase;
			buildActionMask = 2147483647;
			files = (
				E19E055F133FFA76004EFB48 /* Foundation.framework in Frameworks */,
			);
			runOnlyForDeploymentPostprocessing = 0;
		};
/* End PBXFrameworksBuildPhase section */

/* Begin PBXGroup section */
		E19E054F133FFA76004EFB48 = {
			isa = PBXGroup;
			children = (
				E19E0560133FFA76004EFB48 /* lottery */,
				E19E055D133FFA76004EFB48 /* Frameworks */,
				E19E055B133FFA76004EFB48 /* Products */,
			);
			sourceTree = "<group>";
		};
		E19E055B133FFA76004EFB48 /* Products */ = {
			isa = PBXGroup;
			children = (
				E19E055A133FFA76004EFB48 /* lottery */,
			);
			name = Products;
			sourceTree = "<group>";
		};
		E19E055D133FFA76004EFB48 /* Frameworks */ = {
			isa = PBXGroup;
			children = (
				E19E055E133FFA76004EFB48 /* Foundation.framework */,
			);
			name = Frameworks;
			sourceTree = "<group>";
		};
		E19E0560133FFA76004EFB48 /* lottery */ = {
			isa = PBXGroup;
			children = (
				E19E0561133FFA76004EFB48 /* main.m */,
				E1186108134008A00001A671 /* LotteryEntry.h */,
				E1186109134008A00001A671 /* LotteryEntry.m */,
				E19E0565133FFA76004EFB48 /* lottery.1 */,
				E19E0563133FFA76004EFB48 /* Supporting Files */,
			);
			path = lottery;
			sourceTree = "<group>";
		};
		E19E0563133FFA76004EFB48 /* Supporting Files */ = {
			isa = PBXGroup;
			children = (
				E19E0564133FFA76004EFB48 /* lottery-Prefix.pch */,
			);
			name = "Supporting Files";
			sourceTree = "<group>";
		};
/* End PBXGroup section */

/* Begin PBXNativeTarget section */
		E19E0559133FFA76004EFB48 /* lottery */ = {
			isa = PBXNativeTarget;
			buildConfigurationList = E19E0568133FFA76004EFB48 /* Build configuration list for PBXNativeTarget "lottery" */;
			buildPhases = (
				E19E0556133FFA76004EFB48 /* Sources */,
				E19E0557133FFA76004EFB48 /* Frameworks */,
				E19E0558133FFA76004EFB48 /* CopyFiles */,
			);
			buildRules = (
			);
			dependencies = (
			);
			name = lottery;
			productName = lottery;
			productReference = E19E055A133FFA76004EFB48 /* lottery */;
			productType = "com.apple.product-type.tool";
		};
/* End PBXNativeTarget section */

/* Begin PBXProject section */
		E19E0551133FFA76004EFB48 /* Project object */ = {
			isa = PBXProject;
			attributes = {
				ORGANIZATIONNAME = Ozmox.com;
			};
			buildConfigurationList = E19E0554133FFA76004EFB48 /* Build configuration list for PBXProject "lottery" */;
			compatibilityVersion = "Xcode 3.2";
			developmentRegion = English;
			hasScannedForEncodings = 0;
			knownRegions = (
				en,
			);
			mainGroup = E19E054F133FFA76004EFB48;
			productRefGroup = E19E055B133FFA76004EFB48 /* Products */;
			projectDirPath = "";
			projectRoot = "";
			targets = (
				E19E0559133FFA76004EFB48 /* lottery */,
			);
		};
/* End PBXProject section */

/* Begin PBXSourcesBuildPhase section */
		E19E0556133FFA76004EFB48 /* Sources */ = {
			isa = PBXSourcesBuildPhase;
			buildActionMask = 2147483647;
			files = (
				E19E0562133FFA76004EFB48 /* main.m in Sources */,
				E118610A134008A00001A671 /* LotteryEntry.h in Sources */,
				E118610B134008A00001A671 /* LotteryEntry.m in Sources */,
			);
			runOnlyForDeploymentPostprocessing = 0;
		};
/* End PBXSourcesBuildPhase section */

/* Begin XCBuildConfiguration section */
		E19E0566133FFA76004EFB48 /* Debug */ = {
			isa = XCBuildConfiguration;
			buildSettings = {
				ARCHS = "$(ARCHS_STANDARD_32_64_BIT)";
				GCC_C_LANGUAGE_STANDARD = gnu99;
				GCC_OPTIMIZATION_LEVEL = 0;
				GCC_PREPROCESSOR_DEFINITIONS = DEBUG;
				GCC_SYMBOLS_PRIVATE_EXTERN = NO;
				GCC_VERSION = com.apple.compilers.llvm.clang.1_0;
				GCC_WARN_64_TO_32_BIT_CONVERSION = YES;
				GCC_WARN_ABOUT_RETURN_TYPE = YES;
				GCC_WARN_UNUSED_VARIABLE = YES;
				MACOSX_DEPLOYMENT_TARGET = 10.6;
				ONLY_ACTIVE_ARCH = YES;
				SDKROOT = macosx;
			};
			name = Debug;
		};
		E19E0567133FFA76004EFB48 /* Release */ = {
			isa = XCBuildConfiguration;
			buildSettings = {
				ARCHS = "$(ARCHS_STANDARD_32_64_BIT)";
				GCC_C_LANGUAGE_STANDARD = gnu99;
				GCC_VERSION = com.apple.compilers.llvm.clang.1_0;
				GCC_WARN_64_TO_32_BIT_CONVERSION = YES;
				GCC_WARN_ABOUT_RETURN_TYPE = YES;
				GCC_WARN_UNUSED_VARIABLE = YES;
				MACOSX_DEPLOYMENT_TARGET = 10.6;
				SDKROOT = macosx;
			};
			name = Release;
		};
		E19E0569133FFA76004EFB48 /* Debug */ = {
			isa = XCBuildConfiguration;
			buildSettings = {
				ALWAYS_SEARCH_USER_PATHS = NO;
				COPY_PHASE_STRIP = NO;
				GCC_DYNAMIC_NO_PIC = NO;
				GCC_ENABLE_OBJC_EXCEPTIONS = YES;
				GCC_PRECOMPILE_PREFIX_HEADER = YES;
				GCC_PREFIX_HEADER = "lottery/lottery-Prefix.pch";
				PRODUCT_NAME = "$(TARGET_NAME)";
			};
			name = Debug;
		};
		E19E056A133FFA76004EFB48 /* Release */ = {
			isa = XCBuildConfiguration;
			buildSettings = {
				ALWAYS_SEARCH_USER_PATHS = NO;
				COPY_PHASE_STRIP = YES;
				DEBUG_INFORMATION_FORMAT = "dwarf-with-dsym";
				GCC_ENABLE_OBJC_EXCEPTIONS = YES;
				GCC_PRECOMPILE_PREFIX_HEADER = YES;
				GCC_PREFIX_HEADER = "lottery/lottery-Prefix.pch";
				PRODUCT_NAME = "$(TARGET_NAME)";
			};
			name = Release;
		};
/* End XCBuildConfiguration section */

/* Begin XCConfigurationList section */
		E19E0554133FFA76004EFB48 /* Build configuration list for PBXProject "lottery" */ = {
			isa = XCConfigurationList;
			buildConfigurations = (
				E19E0566133FFA76004EFB48 /* Debug */,
				E19E0567133FFA76004EFB48 /* Release */,
			);
			defaultConfigurationIsVisible = 0;
			defaultConfigurationName = Release;
		};
		E19E0568133FFA76004EFB48 /* Build configuration list for PBXNativeTarget "lottery" */ = {
			isa = XCConfigurationList;
			buildConfigurations = (
				E19E0569133FFA76004EFB48 /* Debug */,
				E19E056A133FFA76004EFB48 /* Release */,
			);
			defaultConfigurationIsVisible = 0;
			defaultConfigurationName = Release;
		};
/* End XCConfigurationList section */
	};
	rootObject = E19E0551133FFA76004EFB48 /* Project object */;
}
